
Microsoft Visual Studio Solution File, Format Version 12.00
# Visual Studio Version 17
VisualStudioVersion = 17.5.002.0
MinimumVisualStudioVersion = 10.0.40219.1
Project("{9A19103F-16F7-4668-BE54-9A1E7A4F7556}") = "API", "API\API.csproj", "{13F95550-F6E4-4481-90EF-A4128B199017}"
EndProject
Global
	GlobalSection(SolutionConfigurationPlatforms) = preSolution
		Debug|Any CPU = Debug|Any CPU
		Release|Any CPU = Release|Any CPU
	EndGlobalSection
	GlobalSection(ProjectConfigurationPlatforms) = postSolution
		{13F95550-F6E4-4481-90EF-A4128B199017}.Debug|Any CPU.ActiveCfg = Debug|Any CPU
		{13F95550-F6E4-4481-90EF-A4128B199017}.Debug|Any CPU.Build.0 = Debug|Any CPU
		{13F95550-F6E4-4481-90EF-A4128B199017}.Release|Any CPU.ActiveCfg = Release|Any CPU
		{13F95550-F6E4-4481-90EF-A4128B199017}.Release|Any CPU.Build.0 = Release|Any CPU
	EndGlobalSection
	GlobalSection(SolutionProperties) = preSolution
		HideSolutionNode = FALSE
	EndGlobalSection
	GlobalSection(ExtensibilityGlobals) = postSolution
		SolutionGuid = {F25E77DE-E4AA-4858-9195-B6A3E4F13F81}
	EndGlobalSection
EndGlobal
